apiVersion: vendir.k14s.io/v1alpha1
directories:
- contents:
  - git:
      commitTitle: '[GS] keep monitoring labels...'
      sha: e45220ab4e50c6f4a1d45be55c2e0b23d4a5e49c
      tags:
      - external-dns-helm-chart-1.13.0-94-ge45220ab
    path: external-dns
  path: vendor
- contents:
  - directory: {}
    path: .
  path: helm/external-dns-app/templates
kind: LockConfig
